{
  "requires": true,
  "lockfileVersion": 1,
  "dependencies": {
    "@mdi/font": {
      "version": "5.8.55",
      "resolved": "https://registry.npmjs.org/@mdi/font/-/font-5.8.55.tgz",
      "integrity": "sha512-8mrwfFBsmj+D67ZiGQSe5TU/lcWCtDyli2eshQ2fvLCZGRPqFMM23YQp4+JMOTpk5yMZKTeAwNWIYfITy76OHA=="
    },
    "easytimer.js": {
      "version": "4.3.1",
      "resolved": "https://registry.npmjs.org/easytimer.js/-/easytimer.js-4.3.1.tgz",
      "integrity": "sha512-JnYGv59yQnPHHygHJE4+jvIag2IGjJMVjl4KH/jj3hJzr+oNZ75buaPtLZfdYYxStd3JyRki4Kofx4noND19pA=="
    },
    "fullcalendar": {
      "version": "5.4.0",
      "resolved": "https://registry.npmjs.org/fullcalendar/-/fullcalendar-5.4.0.tgz",
      "integrity": "sha512-TYAycz4vCrcBpZQYc1AJA8C5bZD1rKEr1+2LL2AZ/TW5Ga+FSu88OTo8/Q0mP469LzBXNbp3AXn1TQv9UKDW6g=="
    },
    "izimodal": {
      "version": "1.5.1",
      "resolved": "https://registry.npmjs.org/izimodal/-/izimodal-1.5.1.tgz",
      "integrity": "sha512-DqqGUd741tAqJnWZMQRgixlgtSB6tb/HhfddmlsFWE5P7sckF2SmKVyyttpAdBdN5LUzQiF/R/+IjJw0TS5oTA==",
      "requires": {
        "jquery": "~2"
      }
    },
    "jquery": {
      "version": "2.2.4",
      "resolved": "https://registry.npmjs.org/jquery/-/jquery-2.2.4.tgz",
      "integrity": "sha1-LInWiJterFIqfuoywUUhVZxsvwI="
    },
    "pretty-checkbox": {
      "version": "3.0.3",
      "resolved": "https://registry.npmjs.org/pretty-checkbox/-/pretty-checkbox-3.0.3.tgz",
      "integrity": "sha1-1JyAE6j8CO4MLW695FNGS/28Qo4="
    }
  }
}
